# THIS IS AN AUTOGENERATED FILE. DO NOT EDIT THIS FILE DIRECTLY.
# yarn lockfile v1


bower@*:
  version "1.8.8"
  resolved "https://registry.yarnpkg.com/bower/-/bower-1.8.8.tgz#82544be34a33aeae7efb8bdf9905247b2cffa985"
  integrity sha512-1SrJnXnkP9soITHptSO+ahx3QKp3cVzn8poI6ujqc5SeOkg5iqM1pK9H+DSc2OQ8SnO0jC/NG4Ur/UIwy7574A==
