# THIS IS AN AUTOGENERATED FILE. DO NOT EDIT THIS FILE DIRECTLY.
# yarn lockfile v1


"@bower_components/autosize@git://github.com/jackmoore/autosize.git#~3.0.8":
  version "3.0.21"
  resolved "git://github.com/jackmoore/autosize.git#5284a460d160bd11fda219941b20eb2a82155294"

"@bower_components/backbone@git://github.com/components/backbone.git#~1.1.2":
  version "1.1.2"
  resolved "git://github.com/components/backbone.git#2c539b5e3c4026f6adc43aded941ede5aac8831f"
  dependencies:
    underscore ">=1.4.3"

"@bower_components/bootstrap@git://github.com/components/bootstrap.git#~3.3":
  version "3.3.7"
  resolved "git://github.com/components/bootstrap.git#fe6e7683be66ba45a725816efdb51d4566733043"
  dependencies:
    jquery "1.9.1 - 3"

"@bower_components/datatables.net-bs@DataTables/Dist-DataTables-Bootstrap":
  version "1.10.21"
  resolved "https://codeload.github.com/DataTables/Dist-DataTables-Bootstrap/tar.gz/ca436c6e5654aead2689e655d098ce41c75b2a8f"
  dependencies:
    datatables.net "1.10.21"
    jquery ">=1.7"

"@bower_components/datatables.net@DataTables/Dist-DataTables":
  version "1.10.21"
  resolved "https://codeload.github.com/DataTables/Dist-DataTables/tar.gz/cd6e0909dfe7d977173c15beb1b8514d1a6264c9"
  dependencies:
    jquery ">=1.7"

"@bower_components/jquery-color@git://github.com/jquery/jquery-color.git":
  version "3.0.0-pre"
  resolved "git://github.com/jquery/jquery-color.git#4ba7bedae95adab83b9545283307725d17b0c31a"

"@bower_components/jquery@git://github.com/components/jquery.git":
  version "3.5.1"
  resolved "git://github.com/components/jquery.git#b33e8f0f9a1cb2ae390cf05d766a900b53d2125b"

"@bower_components/underscore@git://github.com/components/underscore.git#~1.7":
  version "1.7.0"
  resolved "git://github.com/components/underscore.git#dc64d58f5d1079e5822d480110b28d724bda06c2"

bower@*:
  version "1.8.8"
  resolved "https://registry.yarnpkg.com/bower/-/bower-1.8.8.tgz#82544be34a33aeae7efb8bdf9905247b2cffa985"
  integrity sha512-1SrJnXnkP9soITHptSO+ahx3QKp3cVzn8poI6ujqc5SeOkg5iqM1pK9H+DSc2OQ8SnO0jC/NG4Ur/UIwy7574A==

datatables.net@1.10.21:
  version "1.10.21"
  resolved "https://registry.yarnpkg.com/datatables.net/-/datatables.net-1.10.21.tgz#f1d35c8e5c3eb7f5caef39e80cd5b836a8c77103"
  integrity sha512-/bSZtxmf3GTpYcvEmwZ8q26I1yhSx8qklR2B+s1K8+/51UW/zc2zTYwJMqr/Z+iCYixAc00ildj4g2x0Qamolw==
  dependencies:
    jquery ">=1.7"

"jquery@1.9.1 - 3", jquery@>=1.7:
  version "3.5.1"
  resolved "https://registry.yarnpkg.com/jquery/-/jquery-3.5.1.tgz#d7b4d08e1bfdb86ad2f1a3d039ea17304717abb5"
  integrity sha512-XwIBPqcMn57FxfT+Go5pzySnm4KWkT1Tv7gjrpT1srtf8Weynl6R273VJ5GjkRb51IzMp5nbaPjJXMWeju2MKg==

underscore@>=1.4.3:
  version "1.10.2"
  resolved "https://registry.yarnpkg.com/underscore/-/underscore-1.10.2.tgz#73d6aa3668f3188e4adb0f1943bd12cfd7efaaaf"
  integrity sha512-N4P+Q/BuyuEKFJ43B9gYuOj4TQUHXX+j2FqguVOpjkssLUUrnJofCcBccJSCoeturDoZU6GorDTHSvUDlSQbTg==
