# This file is generated by running "yarn install" inside your project.
# Manual changes might be lost - proceed with caution!

__metadata:
  version: 6
  cacheKey: 8

"autosize@npm:3.0.8":
  version: 3.0.8
  resolution: "autosize@npm:3.0.8"
  checksum: 53398e6214ddf5624e663cb382f92cbd2dc6153e6271d01789aa1c34a07fba73e1ae9ea8fd8b35f90f724b860cf1ec13d79ea221d9adff54ae407b28953ef87a
  languageName: node
  linkType: hard

"backbone@npm:1.1.2":
  version: 1.1.2
  resolution: "backbone@npm:1.1.2"
  dependencies:
    underscore: ">=1.5.0"
  checksum: 4b101d6188303a1a9d3dd322ebe50f5e78ac222c97c85eb03fc532749d23bce4805f563a0a8a5c3acecc7dff2cb912aeace2f40181d53e74f05b738bb897a75b
  languageName: node
  linkType: hard

"bootstrap@npm:3.3.4":
  version: 3.3.4
  resolution: "bootstrap@npm:3.3.4"
  checksum: ffb91ee0b335f600362b49442f8bee5365215c59170a1c5a876edea16ea07e245d01f0ebab878a1c6567c6e847e64713f5db660ee9b778d5ceb223328437f677
  languageName: node
  linkType: hard

"datatables.net-bs@npm:2.1.1":
  version: 2.1.1
  resolution: "datatables.net-bs@npm:2.1.1"
  dependencies:
    datatables.net: ">=1.10.9"
    jquery: ">=1.7"
  checksum: 4a7d40657f79e87960248158699f06440ef08dbf06e30b17bf25f8b453659569f86016da1dc91cda6a2585df25b646fcecdd7799ffbe204af351e7b2077a798e
  languageName: node
  linkType: hard

"datatables.net@npm:2.1.1":
  version: 2.1.1
  resolution: "datatables.net@npm:2.1.1"
  dependencies:
    jquery: ">=1.7"
  checksum: 00f748693ec144225f96305c1f8c86da3e12c2673faa75c755576aec7f094c16bcebfaccb0d90413b6f3e54909e319220a7fcca58928b8514b38ff130b6e0d11
  languageName: node
  linkType: hard

"jquery-color@npm:2.2.0":
  version: 2.2.0
  resolution: "jquery-color@npm:2.2.0"
  peerDependencies:
    jquery: ">=1.11.0"
  checksum: 19cc881a2e7e461bb8dac9c72df2e3585c5a94f9db7c77c8e40939e9d93a1dd8e23dc68971b6250e9cde2d881dcaeebe3fc0635eae52b6e0922478e9e15417ce
  languageName: node
  linkType: hard

"jquery@npm:3.5.1":
  version: 3.5.1
  resolution: "jquery@npm:3.5.1"
  checksum: 813047b852511ca1ecfaa7b2568aba1d7270a92e5c74962b308792a401adf041869a3b2a6858b0b7a02f6684947fb93171e40cbb4460831977a937b40b0e15ce
  languageName: node
  linkType: hard

"nbgrader-formgrader@workspace:.":
  version: 0.0.0-use.local
  resolution: "nbgrader-formgrader@workspace:."
  dependencies:
    autosize: ^3.0.0
    backbone: ^1.1.2
    bootstrap: ^3.3.0
    datatables.net: ^2.1.1
    datatables.net-bs: ^2.1.1
    jquery: ^3.5.1
    jquery-color: ^2.2.0
    underscore: ^1.7.0
  languageName: unknown
  linkType: soft

"underscore@npm:1.7.0":
  version: 1.7.0
  resolution: "underscore@npm:1.7.0"
  checksum: 20be2ca8b0c3f7bd6c271c752f7d930011e20d1abb5ff953950bd37a523515b4edf2c34077c93bece21b2c3eafa0c25ab6052eaa7aea7c26809f5b869143cdfd
  languageName: node
  linkType: hard
